// !$*UTF8*$!
{
	archiveVersion = 1;
	classes = {
	};
	objectVersion = 46;
	objects = {

/* Begin PBXBuildFile section */
		1F9013451C5CC3FB0066DA65 /* AppDelegate.swift in Sources */ = {isa = PBXBuildFile; fileRef = 1F9013441C5CC3FB0066DA65 /* AppDelegate.swift */; };
		1F9013471C5CC3FB0066DA65 /* ViewController.swift in Sources */ = {isa = PBXBuildFile; fileRef = 1F9013461C5CC3FB0066DA65 /* ViewController.swift */; };
		1F90134A1C5CC3FB0066DA65 /* Main.storyboard in Resources */ = {isa = PBXBuildFile; fileRef = 1F9013481C5CC3FB0066DA65 /* Main.storyboard */; };
		1F90134C1C5CC3FB0066DA65 /* Assets.xcassets in Resources */ = {isa = PBXBuildFile; fileRef = 1F90134B1C5CC3FB0066DA65 /* Assets.xcassets */; };
		1F90134F1C5CC3FB0066DA65 /* LaunchScreen.storyboard in Resources */ = {isa = PBXBuildFile; fileRef = 1F90134D1C5CC3FB0066DA65 /* LaunchScreen.storyboard */; };
		1F90135A1C5CC3FB0066DA65 /* BRReusableQueueTests.swift in Sources */ = {isa = PBXBuildFile; fileRef = 1F9013591C5CC3FB0066DA65 /* BRReusableQueueTests.swift */; };
		1F9013671C5CC4460066DA65 /* BRReusableQueue.swift in Sources */ = {isa = PBXBuildFile; fileRef = 1F9013661C5CC4460066DA65 /* BRReusableQueue.swift */; };
		1F9013691C5CCF0E0066DA65 /* ReusableViewController.swift in Sources */ = {isa = PBXBuildFile; fileRef = 1F9013681C5CCF0E0066DA65 /* ReusableViewController.swift */; };
		1F90136B1C5CD1E50066DA65 /* ReusableViewController.xib in Resources */ = {isa = PBXBuildFile; fileRef = 1F90136A1C5CD1E50066DA65 /* ReusableViewController.xib */; };
/* End PBXBuildFile section */

/* Begin PBXContainerItemProxy section */
		1F9013561C5CC3FB0066DA65 /* PBXContainerItemProxy */ = {
			isa = PBXContainerItemProxy;
			containerPortal = 1F9013391C5CC3FB0066DA65 /* Project object */;
			proxyType = 1;
			remoteGlobalIDString = 1F9013401C5CC3FB0066DA65;
			remoteInfo = BRReusableQueue;
		};
/* End PBXContainerItemProxy section */

/* Begin PBXFileReference section */
		1F9013411C5CC3FB0066DA65 /* BRReusableQueue.app */ = {isa = PBXFileReference; explicitFileType = wrapper.application; includeInIndex = 0; path = BRReusableQueue.app; sourceTree = BUILT_PRODUCTS_DIR; };
		1F9013441C5CC3FB0066DA65 /* AppDelegate.swift */ = {isa = PBXFileReference; lastKnownFileType = sourcecode.swift; path = AppDelegate.swift; sourceTree = "<group>"; };
		1F9013461C5CC3FB0066DA65 /* ViewController.swift */ = {isa = PBXFileReference; lastKnownFileType = sourcecode.swift; path = ViewController.swift; sourceTree = "<group>"; };
		1F9013491C5CC3FB0066DA65 /* Base */ = {isa = PBXFileReference; lastKnownFileType = file.storyboard; name = Base; path = Base.lproj/Main.storyboard; sourceTree = "<group>"; };
		1F90134B1C5CC3FB0066DA65 /* Assets.xcassets */ = {isa = PBXFileReference; lastKnownFileType = folder.assetcatalog; path = Assets.xcassets; sourceTree = "<group>"; };
		1F90134E1C5CC3FB0066DA65 /* Base */ = {isa = PBXFileReference; lastKnownFileType = file.storyboard; name = Base; path = Base.lproj/LaunchScreen.storyboard; sourceTree = "<group>"; };
		1F9013501C5CC3FB0066DA65 /* Info.plist */ = {isa = PBXFileReference; lastKnownFileType = text.plist.xml; path = Info.plist; sourceTree = "<group>"; };
		1F9013551C5CC3FB0066DA65 /* BRReusableQueueTests.xctest */ = {isa = PBXFileReference; explicitFileType = wrapper.cfbundle; includeInIndex = 0; path = BRReusableQueueTests.xctest; sourceTree = BUILT_PRODUCTS_DIR; };
		1F9013591C5CC3FB0066DA65 /* BRReusableQueueTests.swift */ = {isa = PBXFileReference; lastKnownFileType = sourcecode.swift; path = BRReusableQueueTests.swift; sourceTree = "<group>"; };
		1F90135B1C5CC3FB0066DA65 /* Info.plist */ = {isa = PBXFileReference; lastKnownFileType = text.plist.xml; path = Info.plist; sourceTree = "<group>"; };
		1F9013661C5CC4460066DA65 /* BRReusableQueue.swift */ = {isa = PBXFileReference; fileEncoding = 4; lastKnownFileType = sourcecode.swift; path = BRReusableQueue.swift; sourceTree = "<group>"; };
		1F9013681C5CCF0E0066DA65 /* ReusableViewController.swift */ = {isa = PBXFileReference; fileEncoding = 4; lastKnownFileType = sourcecode.swift; path = ReusableViewController.swift; sourceTree = "<group>"; };
		1F90136A1C5CD1E50066DA65 /* ReusableViewController.xib */ = {isa = PBXFileReference; fileEncoding = 4; lastKnownFileType = file.xib; path = ReusableViewController.xib; sourceTree = "<group>"; };
/* End PBXFileReference section */

/* Begin PBXFrameworksBuildPhase section */
		1F90133E1C5CC3FB0066DA65 /* Frameworks */ = {
			isa = PBXFrameworksBuildPhase;
			buildActionMask = 2147483647;
			files = (
			);
			runOnlyForDeploymentPostprocessing = 0;
		};
		1F9013521C5CC3FB0066DA65 /* Frameworks */ = {
			isa = PBXFrameworksBuildPhase;
			buildActionMask = 2147483647;
			files = (
			);
			runOnlyForDeploymentPostprocessing = 0;
		};
/* End PBXFrameworksBuildPhase section */

/* Begin PBXGroup section */
		1F9013381C5CC3FB0066DA65 = {
			isa = PBXGroup;
			children = (
				1F9013651C5CC4120066DA65 /* Demo */,
				1F9013431C5CC3FB0066DA65 /* BRReusableQueue */,
				1F9013581C5CC3FB0066DA65 /* BRReusableQueueTests */,
				1F9013421C5CC3FB0066DA65 /* Products */,
			);
			sourceTree = "<group>";
		};
		1F9013421C5CC3FB0066DA65 /* Products */ = {
			isa = PBXGroup;
			children = (
				1F9013411C5CC3FB0066DA65 /* BRReusableQueue.app */,
				1F9013551C5CC3FB0066DA65 /* BRReusableQueueTests.xctest */,
			);
			name = Products;
			sourceTree = "<group>";
		};
		1F9013431C5CC3FB0066DA65 /* BRReusableQueue */ = {
			isa = PBXGroup;
			children = (
				1F9013661C5CC4460066DA65 /* BRReusableQueue.swift */,
			);
			path = BRReusableQueue;
			sourceTree = "<group>";
		};
		1F9013581C5CC3FB0066DA65 /* BRReusableQueueTests */ = {
			isa = PBXGroup;
			children = (
				1F9013591C5CC3FB0066DA65 /* BRReusableQueueTests.swift */,
				1F90135B1C5CC3FB0066DA65 /* Info.plist */,
			);
			path = BRReusableQueueTests;
			sourceTree = "<group>";
		};
		1F9013651C5CC4120066DA65 /* Demo */ = {
			isa = PBXGroup;
			children = (
				1F9013441C5CC3FB0066DA65 /* AppDelegate.swift */,
				1F90134B1C5CC3FB0066DA65 /* Assets.xcassets */,
				1F9013501C5CC3FB0066DA65 /* Info.plist */,
				1F90134D1C5CC3FB0066DA65 /* LaunchScreen.storyboard */,
				1F9013481C5CC3FB0066DA65 /* Main.storyboard */,
				1F9013461C5CC3FB0066DA65 /* ViewController.swift */,
				1F9013681C5CCF0E0066DA65 /* ReusableViewController.swift */,
				1F90136A1C5CD1E50066DA65 /* ReusableViewController.xib */,
			);
			path = Demo;
			sourceTree = "<group>";
		};
/* End PBXGroup section */

/* Begin PBXNativeTarget section */
		1F9013401C5CC3FB0066DA65 /* BRReusableQueue */ = {
			isa = PBXNativeTarget;
			buildConfigurationList = 1F90135E1C5CC3FB0066DA65 /* Build configuration list for PBXNativeTarget "BRReusableQueue" */;
			buildPhases = (
				1F90133D1C5CC3FB0066DA65 /* Sources */,
				1F90133E1C5CC3FB0066DA65 /* Frameworks */,
				1F90133F1C5CC3FB0066DA65 /* Resources */,
			);
			buildRules = (
			);
			dependencies = (
			);
			name = BRReusableQueue;
			productName = BRReusableQueue;
			productReference = 1F9013411C5CC3FB0066DA65 /* BRReusableQueue.app */;
			productType = "com.apple.product-type.application";
		};
		1F9013541C5CC3FB0066DA65 /* BRReusableQueueTests */ = {
			isa = PBXNativeTarget;
			buildConfigurationList = 1F9013611C5CC3FB0066DA65 /* Build configuration list for PBXNativeTarget "BRReusableQueueTests" */;
			buildPhases = (
				1F9013511C5CC3FB0066DA65 /* Sources */,
				1F9013521C5CC3FB0066DA65 /* Frameworks */,
				1F9013531C5CC3FB0066DA65 /* Resources */,
			);
			buildRules = (
			);
			dependencies = (
				1F9013571C5CC3FB0066DA65 /* PBXTargetDependency */,
			);
			name = BRReusableQueueTests;
			productName = BRReusableQueueTests;
			productReference = 1F9013551C5CC3FB0066DA65 /* BRReusableQueueTests.xctest */;
			productType = "com.apple.product-type.bundle.unit-test";
		};
/* End PBXNativeTarget section */

/* Begin PBXProject section */
		1F9013391C5CC3FB0066DA65 /* Project object */ = {
			isa = PBXProject;
			attributes = {
				LastSwiftUpdateCheck = 0720;
				LastUpgradeCheck = 0720;
				ORGANIZATIONNAME = "Cornelius Horstmann";
				TargetAttributes = {
					1F9013401C5CC3FB0066DA65 = {
						CreatedOnToolsVersion = 7.2;
					};
					1F9013541C5CC3FB0066DA65 = {
						CreatedOnToolsVersion = 7.2;
						TestTargetID = 1F9013401C5CC3FB0066DA65;
					};
				};
			};
			buildConfigurationList = 1F90133C1C5CC3FB0066DA65 /* Build configuration list for PBXProject "BRReusableQueue" */;
			compatibilityVersion = "Xcode 3.2";
			developmentRegion = English;
			hasScannedForEncodings = 0;
			knownRegions = (
				en,
				Base,
			);
			mainGroup = 1F9013381C5CC3FB0066DA65;
			productRefGroup = 1F9013421C5CC3FB0066DA65 /* Products */;
			projectDirPath = "";
			projectRoot = "";
			targets = (
				1F9013401C5CC3FB0066DA65 /* BRReusableQueue */,
				1F9013541C5CC3FB0066DA65 /* BRReusableQueueTests */,
			);
		};
/* End PBXProject section */

/* Begin PBXResourcesBuildPhase section */
		1F90133F1C5CC3FB0066DA65 /* Resources */ = {
			isa = PBXResourcesBuildPhase;
			buildActionMask = 2147483647;
			files = (
				1F90134F1C5CC3FB0066DA65 /* LaunchScreen.storyboard in Resources */,
				1F90136B1C5CD1E50066DA65 /* ReusableViewController.xib in Resources */,
				1F90134C1C5CC3FB0066DA65 /* Assets.xcassets in Resources */,
				1F90134A1C5CC3FB0066DA65 /* Main.storyboard in Resources */,
			);
			runOnlyForDeploymentPostprocessing = 0;
		};
		1F9013531C5CC3FB0066DA65 /* Resources */ = {
			isa = PBXResourcesBuildPhase;
			buildActionMask = 2147483647;
			files = (
			);
			runOnlyForDeploymentPostprocessing = 0;
		};
/* End PBXResourcesBuildPhase section */

/* Begin PBXSourcesBuildPhase section */
		1F90133D1C5CC3FB0066DA65 /* Sources */ = {
			isa = PBXSourcesBuildPhase;
			buildActionMask = 2147483647;
			files = (
				1F9013471C5CC3FB0066DA65 /* ViewController.swift in Sources */,
				1F9013691C5CCF0E0066DA65 /* ReusableViewController.swift in Sources */,
				1F9013671C5CC4460066DA65 /* BRReusableQueue.swift in Sources */,
				1F9013451C5CC3FB0066DA65 /* AppDelegate.swift in Sources */,
			);
			runOnlyForDeploymentPostprocessing = 0;
		};
		1F9013511C5CC3FB0066DA65 /* Sources */ = {
			isa = PBXSourcesBuildPhase;
			buildActionMask = 2147483647;
			files = (
				1F90135A1C5CC3FB0066DA65 /* BRReusableQueueTests.swift in Sources */,
			);
			runOnlyForDeploymentPostprocessing = 0;
		};
/* End PBXSourcesBuildPhase section */

/* Begin PBXTargetDependency section */
		1F9013571C5CC3FB0066DA65 /* PBXTargetDependency */ = {
			isa = PBXTargetDependency;
			target = 1F9013401C5CC3FB0066DA65 /* BRReusableQueue */;
			targetProxy = 1F9013561C5CC3FB0066DA65 /* PBXContainerItemProxy */;
		};
/* End PBXTargetDependency section */

/* Begin PBXVariantGroup section */
		1F9013481C5CC3FB0066DA65 /* Main.storyboard */ = {
			isa = PBXVariantGroup;
			children = (
				1F9013491C5CC3FB0066DA65 /* Base */,
			);
			name = Main.storyboard;
			path = .;
			sourceTree = "<group>";
		};
		1F90134D1C5CC3FB0066DA65 /* LaunchScreen.storyboard */ = {
			isa = PBXVariantGroup;
			children = (
				1F90134E1C5CC3FB0066DA65 /* Base */,
			);
			name = LaunchScreen.storyboard;
			path = .;
			sourceTree = "<group>";
		};
/* End PBXVariantGroup section */

/* Begin XCBuildConfiguration section */
		1F90135C1C5CC3FB0066DA65 /* Debug */ = {
			isa = XCBuildConfiguration;
			buildSettings = {
				ALWAYS_SEARCH_USER_PATHS = NO;
				CLANG_CXX_LANGUAGE_STANDARD = "gnu++0x";
				CLANG_CXX_LIBRARY = "libc++";
				CLANG_ENABLE_MODULES = YES;
				CLANG_ENABLE_OBJC_ARC = YES;
				CLANG_WARN_BOOL_CONVERSION = YES;
				CLANG_WARN_CONSTANT_CONVERSION = YES;
				CLANG_WARN_DIRECT_OBJC_ISA_USAGE = YES_ERROR;
				CLANG_WARN_EMPTY_BODY = YES;
				CLANG_WARN_ENUM_CONVERSION = YES;
				CLANG_WARN_INT_CONVERSION = YES;
				CLANG_WARN_OBJC_ROOT_CLASS = YES_ERROR;
				CLANG_WARN_UNREACHABLE_CODE = YES;
				CLANG_WARN__DUPLICATE_METHOD_MATCH = YES;
				"CODE_SIGN_IDENTITY[sdk=iphoneos*]" = "iPhone Developer";
				COPY_PHASE_STRIP = NO;
				DEBUG_INFORMATION_FORMAT = dwarf;
				ENABLE_STRICT_OBJC_MSGSEND = YES;
				ENABLE_TESTABILITY = YES;
				GCC_C_LANGUAGE_STANDARD = gnu99;
				GCC_DYNAMIC_NO_PIC = NO;
				GCC_NO_COMMON_BLOCKS = YES;
				GCC_OPTIMIZATION_LEVEL = 0;
				GCC_PREPROCESSOR_DEFINITIONS = (
					"DEBUG=1",
					"$(inherited)",
				);
				GCC_WARN_64_TO_32_BIT_CONVERSION = YES;
				GCC_WARN_ABOUT_RETURN_TYPE = YES_ERROR;
				GCC_WARN_UNDECLARED_SELECTOR = YES;
				GCC_WARN_UNINITIALIZED_AUTOS = YES_AGGRESSIVE;
				GCC_WARN_UNUSED_FUNCTION = YES;
				GCC_WARN_UNUSED_VARIABLE = YES;
				IPHONEOS_DEPLOYMENT_TARGET = 9.2;
				MTL_ENABLE_DEBUG_INFO = YES;
				ONLY_ACTIVE_ARCH = YES;
				SDKROOT = iphoneos;
				SWIFT_OPTIMIZATION_LEVEL = "-Onone";
				TARGETED_DEVICE_FAMILY = "1,2";
			};
			name = Debug;
		};
		1F90135D1C5CC3FB0066DA65 /* Release */ = {
			isa = XCBuildConfiguration;
			buildSettings = {
				ALWAYS_SEARCH_USER_PATHS = NO;
				CLANG_CXX_LANGUAGE_STANDARD = "gnu++0x";
				CLANG_CXX_LIBRARY = "libc++";
				CLANG_ENABLE_MODULES = YES;
				CLANG_ENABLE_OBJC_ARC = YES;
				CLANG_WARN_BOOL_CONVERSION = YES;
				CLANG_WARN_CONSTANT_CONVERSION = YES;
				CLANG_WARN_DIRECT_OBJC_ISA_USAGE = YES_ERROR;
				CLANG_WARN_EMPTY_BODY = YES;
				CLANG_WARN_ENUM_CONVERSION = YES;
				CLANG_WARN_INT_CONVERSION = YES;
				CLANG_WARN_OBJC_ROOT_CLASS = YES_ERROR;
				CLANG_WARN_UNREACHABLE_CODE = YES;
				CLANG_WARN__DUPLICATE_METHOD_MATCH = YES;
				"CODE_SIGN_IDENTITY[sdk=iphoneos*]" = "iPhone Developer";
				COPY_PHASE_STRIP = NO;
				DEBUG_INFORMATION_FORMAT = "dwarf-with-dsym";
				ENABLE_NS_ASSERTIONS = NO;
				ENABLE_STRICT_OBJC_MSGSEND = YES;
				GCC_C_LANGUAGE_STANDARD = gnu99;
				GCC_NO_COMMON_BLOCKS = YES;
				GCC_WARN_64_TO_32_BIT_CONVERSION = YES;
				GCC_WARN_ABOUT_RETURN_TYPE = YES_ERROR;
				GCC_WARN_UNDECLARED_SELECTOR = YES;
				GCC_WARN_UNINITIALIZED_AUTOS = YES_AGGRESSIVE;
				GCC_WARN_UNUSED_FUNCTION = YES;
				GCC_WARN_UNUSED_VARIABLE = YES;
				IPHONEOS_DEPLOYMENT_TARGET = 9.2;
				MTL_ENABLE_DEBUG_INFO = NO;
				SDKROOT = iphoneos;
				TARGETED_DEVICE_FAMILY = "1,2";
				VALIDATE_PRODUCT = YES;
			};
			name = Release;
		};
		1F90135F1C5CC3FB0066DA65 /* Debug */ = {
			isa = XCBuildConfiguration;
			buildSettings = {
				ASSETCATALOG_COMPILER_APPICON_NAME = AppIcon;
				INFOPLIST_FILE = Demo/Info.plist;
				LD_RUNPATH_SEARCH_PATHS = "$(inherited) @executable_path/Frameworks";
				PRODUCT_BUNDLE_IDENTIFIER = de.brototyp.BRReusableQueue;
				PRODUCT_NAME = "$(TARGET_NAME)";
			};
			name = Debug;
		};
		1F9013601C5CC3FB0066DA65 /* Release */ = {
			isa = XCBuildConfiguration;
			buildSettings = {
				ASSETCATALOG_COMPILER_APPICON_NAME = AppIcon;
				INFOPLIST_FILE = Demo/Info.plist;
				LD_RUNPATH_SEARCH_PATHS = "$(inherited) @executable_path/Frameworks";
				PRODUCT_BUNDLE_IDENTIFIER = de.brototyp.BRReusableQueue;
				PRODUCT_NAME = "$(TARGET_NAME)";
			};
			name = Release;
		};
		1F9013621C5CC3FB0066DA65 /* Debug */ = {
			isa = XCBuildConfiguration;
			buildSettings = {
				BUNDLE_LOADER = "$(TEST_HOST)";
				INFOPLIST_FILE = BRReusableQueueTests/Info.plist;
				LD_RUNPATH_SEARCH_PATHS = "$(inherited) @executable_path/Frameworks @loader_path/Frameworks";
				PRODUCT_BUNDLE_IDENTIFIER = de.brototyp.BRReusableQueueTests;
				PRODUCT_NAME = "$(TARGET_NAME)";
				TEST_HOST = "$(BUILT_PRODUCTS_DIR)/BRReusableQueue.app/BRReusableQueue";
			};
			name = Debug;
		};
		1F9013631C5CC3FB0066DA65 /* Release */ = {
			isa = XCBuildConfiguration;
			buildSettings = {
				BUNDLE_LOADER = "$(TEST_HOST)";
				INFOPLIST_FILE = BRReusableQueueTests/Info.plist;
				LD_RUNPATH_SEARCH_PATHS = "$(inherited) @executable_path/Frameworks @loader_path/Frameworks";
				PRODUCT_BUNDLE_IDENTIFIER = de.brototyp.BRReusableQueueTests;
				PRODUCT_NAME = "$(TARGET_NAME)";
				TEST_HOST = "$(BUILT_PRODUCTS_DIR)/BRReusableQueue.app/BRReusableQueue";
			};
			name = Release;
		};
/* End XCBuildConfiguration section */

/* Begin XCConfigurationList section */
		1F90133C1C5CC3FB0066DA65 /* Build configuration list for PBXProject "BRReusableQueue" */ = {
			isa = XCConfigurationList;
			buildConfigurations = (
				1F90135C1C5CC3FB0066DA65 /* Debug */,
				1F90135D1C5CC3FB0066DA65 /* Release */,
			);
			defaultConfigurationIsVisible = 0;
			defaultConfigurationName = Release;
		};
		1F90135E1C5CC3FB0066DA65 /* Build configuration list for PBXNativeTarget "BRReusableQueue" */ = {
			isa = XCConfigurationList;
			buildConfigurations = (
				1F90135F1C5CC3FB0066DA65 /* Debug */,
				1F9013601C5CC3FB0066DA65 /* Release */,
			);
			defaultConfigurationIsVisible = 0;
			defaultConfigurationName = Release;
		};
		1F9013611C5CC3FB0066DA65 /* Build configuration list for PBXNativeTarget "BRReusableQueueTests" */ = {
			isa = XCConfigurationList;
			buildConfigurations = (
				1F9013621C5CC3FB0066DA65 /* Debug */,
				1F9013631C5CC3FB0066DA65 /* Release */,
			);
			defaultConfigurationIsVisible = 0;
			defaultConfigurationName = Release;
		};
/* End XCConfigurationList section */
	};
	rootObject = 1F9013391C5CC3FB0066DA65 /* Project object */;
}
